
Microsoft Visual Studio Solution File, Format Version 12.00
# Visual Studio 15
VisualStudioVersion = 15.0.28307.1684
MinimumVisualStudioVersion = 10.0.40219.1
Project("{8BC9CEB8-8B4A-11D0-8D11-00A0C91BC942}") = "jdbc_fdw", "jdbc_fdw.vcxproj", "{35A4021C-1661-4E11-80A0-E0C301B2E076}"
EndProject
Global
	GlobalSection(SolutionConfigurationPlatforms) = preSolution
		Debug|x64 = Debug|x64
		Debug|x86 = Debug|x86
		Release|x64 = Release|x64
		Release|x86 = Release|x86
	EndGlobalSection
	GlobalSection(ProjectConfigurationPlatforms) = postSolution
		{35A4021C-1661-4E11-80A0-E0C301B2E076}.Debug|x64.ActiveCfg = Debug|x64
		{35A4021C-1661-4E11-80A0-E0C301B2E076}.Debug|x64.Build.0 = Debug|x64
		{35A4021C-1661-4E11-80A0-E0C301B2E076}.Debug|x86.ActiveCfg = Debug|Win32
		{35A4021C-1661-4E11-80A0-E0C301B2E076}.Debug|x86.Build.0 = Debug|Win32
		{35A4021C-1661-4E11-80A0-E0C301B2E076}.Release|x64.ActiveCfg = Release|x64
		{35A4021C-1661-4E11-80A0-E0C301B2E076}.Release|x64.Build.0 = Release|x64
		{35A4021C-1661-4E11-80A0-E0C301B2E076}.Release|x86.ActiveCfg = Release|Win32
		{35A4021C-1661-4E11-80A0-E0C301B2E076}.Release|x86.Build.0 = Release|Win32
	EndGlobalSection
	GlobalSection(SolutionProperties) = preSolution
		HideSolutionNode = FALSE
	EndGlobalSection
	GlobalSection(ExtensibilityGlobals) = postSolution
		SolutionGuid = {3DC4DB68-9B8B-4ACB-A9DC-A54A7B35380E}
	EndGlobalSection
EndGlobal
